
Microsoft Visual Studio Solution File, Format Version 12.00
# Visual Studio 15
VisualStudioVersion = 15.0.27428.2043
MinimumVisualStudioVersion = 10.0.40219.1
Project("{FAE04EC0-301F-11D3-BF4B-00C04F79EFBC}") = "RootFamilyApp", "RootFamilyApp\RootFamilyApp.csproj", "{455F3198-2231-4817-84C8-D0DDCA8CFB56}"
EndProject
Project("{FAE04EC0-301F-11D3-BF4B-00C04F79EFBC}") = "RootFamilyApp.Tests", "RootFamilyApp.Tests\RootFamilyApp.Tests.csproj", "{B3D40443-953B-430C-9E37-83ADA4139ADC}"
EndProject
Global
	GlobalSection(SolutionConfigurationPlatforms) = preSolution
		Debug|Any CPU = Debug|Any CPU
		Release|Any CPU = Release|Any CPU
	EndGlobalSection
	GlobalSection(ProjectConfigurationPlatforms) = postSolution
		{455F3198-2231-4817-84C8-D0DDCA8CFB56}.Debug|Any CPU.ActiveCfg = Debug|Any CPU
		{455F3198-2231-4817-84C8-D0DDCA8CFB56}.Debug|Any CPU.Build.0 = Debug|Any CPU
		{455F3198-2231-4817-84C8-D0DDCA8CFB56}.Release|Any CPU.ActiveCfg = Release|Any CPU
		{455F3198-2231-4817-84C8-D0DDCA8CFB56}.Release|Any CPU.Build.0 = Release|Any CPU
		{B3D40443-953B-430C-9E37-83ADA4139ADC}.Debug|Any CPU.ActiveCfg = Debug|Any CPU
		{B3D40443-953B-430C-9E37-83ADA4139ADC}.Debug|Any CPU.Build.0 = Debug|Any CPU
		{B3D40443-953B-430C-9E37-83ADA4139ADC}.Release|Any CPU.ActiveCfg = Release|Any CPU
		{B3D40443-953B-430C-9E37-83ADA4139ADC}.Release|Any CPU.Build.0 = Release|Any CPU
	EndGlobalSection
	GlobalSection(SolutionProperties) = preSolution
		HideSolutionNode = FALSE
	EndGlobalSection
	GlobalSection(ExtensibilityGlobals) = postSolution
		SolutionGuid = {25C3E42B-D91B-47A6-A4BE-3DA9352D39EA}
	EndGlobalSection
EndGlobal
